// !$*UTF8*$!
{
	archiveVersion = 1;
	classes = {
	};
	objectVersion = 56;
	objects = {

/* Begin PBXBuildFile section */
		C52CC4D12BB9C44500B79B1D /* AirbnbCloneApp.swift in Sources */ = {isa = PBXBuildFile; fileRef = C52CC4D02BB9C44500B79B1D /* AirbnbCloneApp.swift */; };
		C52CC4D32BB9C44500B79B1D /* ContentView.swift in Sources */ = {isa = PBXBuildFile; fileRef = C52CC4D22BB9C44500B79B1D /* ContentView.swift */; };
		C52CC4D52BB9C44700B79B1D /* Assets.xcassets in Resources */ = {isa = PBXBuildFile; fileRef = C52CC4D42BB9C44700B79B1D /* Assets.xcassets */; };
		C52CC4D82BB9C44700B79B1D /* Preview Assets.xcassets in Resources */ = {isa = PBXBuildFile; fileRef = C52CC4D72BB9C44700B79B1D /* Preview Assets.xcassets */; };
		C52CC4EB2BB9C52300B79B1D /* ExploreView.swift in Sources */ = {isa = PBXBuildFile; fileRef = C52CC4EA2BB9C52300B79B1D /* ExploreView.swift */; };
		C52CC4ED2BB9C5C400B79B1D /* ListingItemView.swift in Sources */ = {isa = PBXBuildFile; fileRef = C52CC4EC2BB9C5C400B79B1D /* ListingItemView.swift */; };
		C52CC4EF2BB9CA3700B79B1D /* SearchAndFilterBar.swift in Sources */ = {isa = PBXBuildFile; fileRef = C52CC4EE2BB9CA3700B79B1D /* SearchAndFilterBar.swift */; };
		C52CC4F12BB9D80700B79B1D /* ListingDetailView.swift in Sources */ = {isa = PBXBuildFile; fileRef = C52CC4F02BB9D80700B79B1D /* ListingDetailView.swift */; };
		C52CC4F42BB9D86600B79B1D /* ListingImageCarousalView.swift in Sources */ = {isa = PBXBuildFile; fileRef = C52CC4F32BB9D86600B79B1D /* ListingImageCarousalView.swift */; };
/* End PBXBuildFile section */

/* Begin PBXFileReference section */
		C52CC4CD2BB9C44500B79B1D /* AirbnbClone.app */ = {isa = PBXFileReference; explicitFileType = wrapper.application; includeInIndex = 0; path = AirbnbClone.app; sourceTree = BUILT_PRODUCTS_DIR; };
		C52CC4D02BB9C44500B79B1D /* AirbnbCloneApp.swift */ = {isa = PBXFileReference; lastKnownFileType = sourcecode.swift; path = AirbnbCloneApp.swift; sourceTree = "<group>"; };
		C52CC4D22BB9C44500B79B1D /* ContentView.swift */ = {isa = PBXFileReference; lastKnownFileType = sourcecode.swift; path = ContentView.swift; sourceTree = "<group>"; };
		C52CC4D42BB9C44700B79B1D /* Assets.xcassets */ = {isa = PBXFileReference; lastKnownFileType = folder.assetcatalog; path = Assets.xcassets; sourceTree = "<group>"; };
		C52CC4D72BB9C44700B79B1D /* Preview Assets.xcassets */ = {isa = PBXFileReference; lastKnownFileType = folder.assetcatalog; path = "Preview Assets.xcassets"; sourceTree = "<group>"; };
		C52CC4EA2BB9C52300B79B1D /* ExploreView.swift */ = {isa = PBXFileReference; lastKnownFileType = sourcecode.swift; path = ExploreView.swift; sourceTree = "<group>"; };
		C52CC4EC2BB9C5C400B79B1D /* ListingItemView.swift */ = {isa = PBXFileReference; lastKnownFileType = sourcecode.swift; path = ListingItemView.swift; sourceTree = "<group>"; };
		C52CC4EE2BB9CA3700B79B1D /* SearchAndFilterBar.swift */ = {isa = PBXFileReference; lastKnownFileType = sourcecode.swift; path = SearchAndFilterBar.swift; sourceTree = "<group>"; };
		C52CC4F02BB9D80700B79B1D /* ListingDetailView.swift */ = {isa = PBXFileReference; lastKnownFileType = sourcecode.swift; path = ListingDetailView.swift; sourceTree = "<group>"; };
		C52CC4F32BB9D86600B79B1D /* ListingImageCarousalView.swift */ = {isa = PBXFileReference; lastKnownFileType = sourcecode.swift; path = ListingImageCarousalView.swift; sourceTree = "<group>"; };
/* End PBXFileReference section */

/* Begin PBXFrameworksBuildPhase section */
		C52CC4CA2BB9C44500B79B1D /* Frameworks */ = {
			isa = PBXFrameworksBuildPhase;
			buildActionMask = 2147483647;
			files = (
			);
			runOnlyForDeploymentPostprocessing = 0;
		};
/* End PBXFrameworksBuildPhase section */

/* Begin PBXGroup section */
		C52CC4C42BB9C44500B79B1D = {
			isa = PBXGroup;
			children = (
				C52CC4CF2BB9C44500B79B1D /* AirbnbClone */,
				C52CC4CE2BB9C44500B79B1D /* Products */,
			);
			sourceTree = "<group>";
		};
		C52CC4CE2BB9C44500B79B1D /* Products */ = {
			isa = PBXGroup;
			children = (
				C52CC4CD2BB9C44500B79B1D /* AirbnbClone.app */,
			);
			name = Products;
			sourceTree = "<group>";
		};
		C52CC4CF2BB9C44500B79B1D /* AirbnbClone */ = {
			isa = PBXGroup;
			children = (
				C52CC4DE2BB9C45A00B79B1D /* App */,
				C52CC4E22BB9C48000B79B1D /* Utils */,
				C52CC4E12BB9C47A00B79B1D /* Models */,
				C52CC4E02BB9C47300B79B1D /* Extensions */,
				C52CC4DF2BB9C46B00B79B1D /* Core */,
				C52CC4D22BB9C44500B79B1D /* ContentView.swift */,
				C52CC4D42BB9C44700B79B1D /* Assets.xcassets */,
				C52CC4D62BB9C44700B79B1D /* Preview Content */,
			);
			path = AirbnbClone;
			sourceTree = "<group>";
		};
		C52CC4D62BB9C44700B79B1D /* Preview Content */ = {
			isa = PBXGroup;
			children = (
				C52CC4D72BB9C44700B79B1D /* Preview Assets.xcassets */,
			);
			path = "Preview Content";
			sourceTree = "<group>";
		};
		C52CC4DE2BB9C45A00B79B1D /* App */ = {
			isa = PBXGroup;
			children = (
				C52CC4D02BB9C44500B79B1D /* AirbnbCloneApp.swift */,
			);
			path = App;
			sourceTree = "<group>";
		};
		C52CC4DF2BB9C46B00B79B1D /* Core */ = {
			isa = PBXGroup;
			children = (
				C52CC4F22BB9D85100B79B1D /* Components */,
				C52CC4E92BB9C4DD00B79B1D /* WishList */,
				C52CC4E82BB9C4D700B79B1D /* TabBar */,
				C52CC4E72BB9C4D200B79B1D /* Root */,
				C52CC4E62BB9C4CE00B79B1D /* Profile */,
				C52CC4E52BB9C4CA00B79B1D /* MapView */,
				C52CC4E42BB9C4C500B79B1D /* Listings */,
				C52CC4E32BB9C4BF00B79B1D /* Explore */,
			);
			path = Core;
			sourceTree = "<group>";
		};
		C52CC4E02BB9C47300B79B1D /* Extensions */ = {
			isa = PBXGroup;
			children = (
			);
			path = Extensions;
			sourceTree = "<group>";
		};
		C52CC4E12BB9C47A00B79B1D /* Models */ = {
			isa = PBXGroup;
			children = (
			);
			path = Models;
			sourceTree = "<group>";
		};
		C52CC4E22BB9C48000B79B1D /* Utils */ = {
			isa = PBXGroup;
			children = (
			);
			path = Utils;
			sourceTree = "<group>";
		};
		C52CC4E32BB9C4BF00B79B1D /* Explore */ = {
			isa = PBXGroup;
			children = (
				C52CC4EA2BB9C52300B79B1D /* ExploreView.swift */,
				C52CC4EE2BB9CA3700B79B1D /* SearchAndFilterBar.swift */,
			);
			path = Explore;
			sourceTree = "<group>";
		};
		C52CC4E42BB9C4C500B79B1D /* Listings */ = {
			isa = PBXGroup;
			children = (
				C52CC4EC2BB9C5C400B79B1D /* ListingItemView.swift */,
				C52CC4F02BB9D80700B79B1D /* ListingDetailView.swift */,
			);
			path = Listings;
			sourceTree = "<group>";
		};
		C52CC4E52BB9C4CA00B79B1D /* MapView */ = {
			isa = PBXGroup;
			children = (
			);
			path = MapView;
			sourceTree = "<group>";
		};
		C52CC4E62BB9C4CE00B79B1D /* Profile */ = {
			isa = PBXGroup;
			children = (
			);
			path = Profile;
			sourceTree = "<group>";
		};
		C52CC4E72BB9C4D200B79B1D /* Root */ = {
			isa = PBXGroup;
			children = (
			);
			path = Root;
			sourceTree = "<group>";
		};
		C52CC4E82BB9C4D700B79B1D /* TabBar */ = {
			isa = PBXGroup;
			children = (
			);
			path = TabBar;
			sourceTree = "<group>";
		};
		C52CC4E92BB9C4DD00B79B1D /* WishList */ = {
			isa = PBXGroup;
			children = (
			);
			path = WishList;
			sourceTree = "<group>";
		};
		C52CC4F22BB9D85100B79B1D /* Components */ = {
			isa = PBXGroup;
			children = (
				C52CC4F32BB9D86600B79B1D /* ListingImageCarousalView.swift */,
			);
			path = Components;
			sourceTree = "<group>";
		};
/* End PBXGroup section */

/* Begin PBXNativeTarget section */
		C52CC4CC2BB9C44500B79B1D /* AirbnbClone */ = {
			isa = PBXNativeTarget;
			buildConfigurationList = C52CC4DB2BB9C44700B79B1D /* Build configuration list for PBXNativeTarget "AirbnbClone" */;
			buildPhases = (
				C52CC4C92BB9C44500B79B1D /* Sources */,
				C52CC4CA2BB9C44500B79B1D /* Frameworks */,
				C52CC4CB2BB9C44500B79B1D /* Resources */,
			);
			buildRules = (
			);
			dependencies = (
			);
			name = AirbnbClone;
			productName = AirbnbClone;
			productReference = C52CC4CD2BB9C44500B79B1D /* AirbnbClone.app */;
			productType = "com.apple.product-type.application";
		};
/* End PBXNativeTarget section */

/* Begin PBXProject section */
		C52CC4C52BB9C44500B79B1D /* Project object */ = {
			isa = PBXProject;
			attributes = {
				BuildIndependentTargetsInParallel = 1;
				LastSwiftUpdateCheck = 1530;
				LastUpgradeCheck = 1530;
				TargetAttributes = {
					C52CC4CC2BB9C44500B79B1D = {
						CreatedOnToolsVersion = 15.3;
					};
				};
			};
			buildConfigurationList = C52CC4C82BB9C44500B79B1D /* Build configuration list for PBXProject "AirbnbClone" */;
			compatibilityVersion = "Xcode 14.0";
			developmentRegion = en;
			hasScannedForEncodings = 0;
			knownRegions = (
				en,
				Base,
			);
			mainGroup = C52CC4C42BB9C44500B79B1D;
			productRefGroup = C52CC4CE2BB9C44500B79B1D /* Products */;
			projectDirPath = "";
			projectRoot = "";
			targets = (
				C52CC4CC2BB9C44500B79B1D /* AirbnbClone */,
			);
		};
/* End PBXProject section */

/* Begin PBXResourcesBuildPhase section */
		C52CC4CB2BB9C44500B79B1D /* Resources */ = {
			isa = PBXResourcesBuildPhase;
			buildActionMask = 2147483647;
			files = (
				C52CC4D82BB9C44700B79B1D /* Preview Assets.xcassets in Resources */,
				C52CC4D52BB9C44700B79B1D /* Assets.xcassets in Resources */,
			);
			runOnlyForDeploymentPostprocessing = 0;
		};
/* End PBXResourcesBuildPhase section */

/* Begin PBXSourcesBuildPhase section */
		C52CC4C92BB9C44500B79B1D /* Sources */ = {
			isa = PBXSourcesBuildPhase;
			buildActionMask = 2147483647;
			files = (
				C52CC4D32BB9C44500B79B1D /* ContentView.swift in Sources */,
				C52CC4ED2BB9C5C400B79B1D /* ListingItemView.swift in Sources */,
				C52CC4EB2BB9C52300B79B1D /* ExploreView.swift in Sources */,
				C52CC4EF2BB9CA3700B79B1D /* SearchAndFilterBar.swift in Sources */,
				C52CC4F12BB9D80700B79B1D /* ListingDetailView.swift in Sources */,
				C52CC4F42BB9D86600B79B1D /* ListingImageCarousalView.swift in Sources */,
				C52CC4D12BB9C44500B79B1D /* AirbnbCloneApp.swift in Sources */,
			);
			runOnlyForDeploymentPostprocessing = 0;
		};
/* End PBXSourcesBuildPhase section */

/* Begin XCBuildConfiguration section */
		C52CC4D92BB9C44700B79B1D /* Debug */ = {
			isa = XCBuildConfiguration;
			buildSettings = {
				ALWAYS_SEARCH_USER_PATHS = NO;
				ASSETCATALOG_COMPILER_GENERATE_SWIFT_ASSET_SYMBOL_EXTENSIONS = YES;
				CLANG_ANALYZER_NONNULL = YES;
				CLANG_ANALYZER_NUMBER_OBJECT_CONVERSION = YES_AGGRESSIVE;
				CLANG_CXX_LANGUAGE_STANDARD = "gnu++20";
				CLANG_ENABLE_MODULES = YES;
				CLANG_ENABLE_OBJC_ARC = YES;
				CLANG_ENABLE_OBJC_WEAK = YES;
				CLANG_WARN_BLOCK_CAPTURE_AUTORELEASING = YES;
				CLANG_WARN_BOOL_CONVERSION = YES;
				CLANG_WARN_COMMA = YES;
				CLANG_WARN_CONSTANT_CONVERSION = YES;
				CLANG_WARN_DEPRECATED_OBJC_IMPLEMENTATIONS = YES;
				CLANG_WARN_DIRECT_OBJC_ISA_USAGE = YES_ERROR;
				CLANG_WARN_DOCUMENTATION_COMMENTS = YES;
				CLANG_WARN_EMPTY_BODY = YES;
				CLANG_WARN_ENUM_CONVERSION = YES;
				CLANG_WARN_INFINITE_RECURSION = YES;
				CLANG_WARN_INT_CONVERSION = YES;
				CLANG_WARN_NON_LITERAL_NULL_CONVERSION = YES;
				CLANG_WARN_OBJC_IMPLICIT_RETAIN_SELF = YES;
				CLANG_WARN_OBJC_LITERAL_CONVERSION = YES;
				CLANG_WARN_OBJC_ROOT_CLASS = YES_ERROR;
				CLANG_WARN_QUOTED_INCLUDE_IN_FRAMEWORK_HEADER = YES;
				CLANG_WARN_RANGE_LOOP_ANALYSIS = YES;
				CLANG_WARN_STRICT_PROTOTYPES = YES;
				CLANG_WARN_SUSPICIOUS_MOVE = YES;
				CLANG_WARN_UNGUARDED_AVAILABILITY = YES_AGGRESSIVE;
				CLANG_WARN_UNREACHABLE_CODE = YES;
				CLANG_WARN__DUPLICATE_METHOD_MATCH = YES;
				COPY_PHASE_STRIP = NO;
				DEBUG_INFORMATION_FORMAT = dwarf;
				ENABLE_STRICT_OBJC_MSGSEND = YES;
				ENABLE_TESTABILITY = YES;
				ENABLE_USER_SCRIPT_SANDBOXING = YES;
				GCC_C_LANGUAGE_STANDARD = gnu17;
				GCC_DYNAMIC_NO_PIC = NO;
				GCC_NO_COMMON_BLOCKS = YES;
				GCC_OPTIMIZATION_LEVEL = 0;
				GCC_PREPROCESSOR_DEFINITIONS = (
					"DEBUG=1",
					"$(inherited)",
				);
				GCC_WARN_64_TO_32_BIT_CONVERSION = YES;
				GCC_WARN_ABOUT_RETURN_TYPE = YES_ERROR;
				GCC_WARN_UNDECLARED_SELECTOR = YES;
				GCC_WARN_UNINITIALIZED_AUTOS = YES_AGGRESSIVE;
				GCC_WARN_UNUSED_FUNCTION = YES;
				GCC_WARN_UNUSED_VARIABLE = YES;
				IPHONEOS_DEPLOYMENT_TARGET = 17.4;
				LOCALIZATION_PREFERS_STRING_CATALOGS = YES;
				MTL_ENABLE_DEBUG_INFO = INCLUDE_SOURCE;
				MTL_FAST_MATH = YES;
				ONLY_ACTIVE_ARCH = YES;
				SDKROOT = iphoneos;
				SWIFT_ACTIVE_COMPILATION_CONDITIONS = "DEBUG $(inherited)";
				SWIFT_OPTIMIZATION_LEVEL = "-Onone";
			};
			name = Debug;
		};
		C52CC4DA2BB9C44700B79B1D /* Release */ = {
			isa = XCBuildConfiguration;
			buildSettings = {
				ALWAYS_SEARCH_USER_PATHS = NO;
				ASSETCATALOG_COMPILER_GENERATE_SWIFT_ASSET_SYMBOL_EXTENSIONS = YES;
				CLANG_ANALYZER_NONNULL = YES;
				CLANG_ANALYZER_NUMBER_OBJECT_CONVERSION = YES_AGGRESSIVE;
				CLANG_CXX_LANGUAGE_STANDARD = "gnu++20";
				CLANG_ENABLE_MODULES = YES;
				CLANG_ENABLE_OBJC_ARC = YES;
				CLANG_ENABLE_OBJC_WEAK = YES;
				CLANG_WARN_BLOCK_CAPTURE_AUTORELEASING = YES;
				CLANG_WARN_BOOL_CONVERSION = YES;
				CLANG_WARN_COMMA = YES;
				CLANG_WARN_CONSTANT_CONVERSION = YES;
				CLANG_WARN_DEPRECATED_OBJC_IMPLEMENTATIONS = YES;
				CLANG_WARN_DIRECT_OBJC_ISA_USAGE = YES_ERROR;
				CLANG_WARN_DOCUMENTATION_COMMENTS = YES;
				CLANG_WARN_EMPTY_BODY = YES;
				CLANG_WARN_ENUM_CONVERSION = YES;
				CLANG_WARN_INFINITE_RECURSION = YES;
				CLANG_WARN_INT_CONVERSION = YES;
				CLANG_WARN_NON_LITERAL_NULL_CONVERSION = YES;
				CLANG_WARN_OBJC_IMPLICIT_RETAIN_SELF = YES;
				CLANG_WARN_OBJC_LITERAL_CONVERSION = YES;
				CLANG_WARN_OBJC_ROOT_CLASS = YES_ERROR;
				CLANG_WARN_QUOTED_INCLUDE_IN_FRAMEWORK_HEADER = YES;
				CLANG_WARN_RANGE_LOOP_ANALYSIS = YES;
				CLANG_WARN_STRICT_PROTOTYPES = YES;
				CLANG_WARN_SUSPICIOUS_MOVE = YES;
				CLANG_WARN_UNGUARDED_AVAILABILITY = YES_AGGRESSIVE;
				CLANG_WARN_UNREACHABLE_CODE = YES;
				CLANG_WARN__DUPLICATE_METHOD_MATCH = YES;
				COPY_PHASE_STRIP = NO;
				DEBUG_INFORMATION_FORMAT = "dwarf-with-dsym";
				ENABLE_NS_ASSERTIONS = NO;
				ENABLE_STRICT_OBJC_MSGSEND = YES;
				ENABLE_USER_SCRIPT_SANDBOXING = YES;
				GCC_C_LANGUAGE_STANDARD = gnu17;
				GCC_NO_COMMON_BLOCKS = YES;
				GCC_WARN_64_TO_32_BIT_CONVERSION = YES;
				GCC_WARN_ABOUT_RETURN_TYPE = YES_ERROR;
				GCC_WARN_UNDECLARED_SELECTOR = YES;
				GCC_WARN_UNINITIALIZED_AUTOS = YES_AGGRESSIVE;
				GCC_WARN_UNUSED_FUNCTION = YES;
				GCC_WARN_UNUSED_VARIABLE = YES;
				IPHONEOS_DEPLOYMENT_TARGET = 17.4;
				LOCALIZATION_PREFERS_STRING_CATALOGS = YES;
				MTL_ENABLE_DEBUG_INFO = NO;
				MTL_FAST_MATH = YES;
				SDKROOT = iphoneos;
				SWIFT_COMPILATION_MODE = wholemodule;
				VALIDATE_PRODUCT = YES;
			};
			name = Release;
		};
		C52CC4DC2BB9C44700B79B1D /* Debug */ = {
			isa = XCBuildConfiguration;
			buildSettings = {
				ASSETCATALOG_COMPILER_APPICON_NAME = AppIcon;
				ASSETCATALOG_COMPILER_GLOBAL_ACCENT_COLOR_NAME = AccentColor;
				CODE_SIGN_STYLE = Automatic;
				CURRENT_PROJECT_VERSION = 1;
				DEVELOPMENT_ASSET_PATHS = "\"AirbnbClone/Preview Content\"";
				DEVELOPMENT_TEAM = F4B9M6MWDX;
				ENABLE_PREVIEWS = YES;
				GENERATE_INFOPLIST_FILE = YES;
				INFOPLIST_KEY_UIApplicationSceneManifest_Generation = YES;
				INFOPLIST_KEY_UIApplicationSupportsIndirectInputEvents = YES;
				INFOPLIST_KEY_UILaunchScreen_Generation = YES;
				INFOPLIST_KEY_UISupportedInterfaceOrientations_iPad = "UIInterfaceOrientationPortrait UIInterfaceOrientationPortraitUpsideDown UIInterfaceOrientationLandscapeLeft UIInterfaceOrientationLandscapeRight";
				INFOPLIST_KEY_UISupportedInterfaceOrientations_iPhone = "UIInterfaceOrientationPortrait UIInterfaceOrientationLandscapeLeft UIInterfaceOrientationLandscapeRight";
				LD_RUNPATH_SEARCH_PATHS = (
					"$(inherited)",
					"@executable_path/Frameworks",
				);
				MARKETING_VERSION = 1.0;
				PRODUCT_BUNDLE_IDENTIFIER = com.icarus.AirbnbClone;
				PRODUCT_NAME = "$(TARGET_NAME)";
				SWIFT_EMIT_LOC_STRINGS = YES;
				SWIFT_VERSION = 5.0;
				TARGETED_DEVICE_FAMILY = "1,2";
			};
			name = Debug;
		};
		C52CC4DD2BB9C44700B79B1D /* Release */ = {
			isa = XCBuildConfiguration;
			buildSettings = {
				ASSETCATALOG_COMPILER_APPICON_NAME = AppIcon;
				ASSETCATALOG_COMPILER_GLOBAL_ACCENT_COLOR_NAME = AccentColor;
				CODE_SIGN_STYLE = Automatic;
				CURRENT_PROJECT_VERSION = 1;
				DEVELOPMENT_ASSET_PATHS = "\"AirbnbClone/Preview Content\"";
				DEVELOPMENT_TEAM = F4B9M6MWDX;
				ENABLE_PREVIEWS = YES;
				GENERATE_INFOPLIST_FILE = YES;
				INFOPLIST_KEY_UIApplicationSceneManifest_Generation = YES;
				INFOPLIST_KEY_UIApplicationSupportsIndirectInputEvents = YES;
				INFOPLIST_KEY_UILaunchScreen_Generation = YES;
				INFOPLIST_KEY_UISupportedInterfaceOrientations_iPad = "UIInterfaceOrientationPortrait UIInterfaceOrientationPortraitUpsideDown UIInterfaceOrientationLandscapeLeft UIInterfaceOrientationLandscapeRight";
				INFOPLIST_KEY_UISupportedInterfaceOrientations_iPhone = "UIInterfaceOrientationPortrait UIInterfaceOrientationLandscapeLeft UIInterfaceOrientationLandscapeRight";
				LD_RUNPATH_SEARCH_PATHS = (
					"$(inherited)",
					"@executable_path/Frameworks",
				);
				MARKETING_VERSION = 1.0;
				PRODUCT_BUNDLE_IDENTIFIER = com.icarus.AirbnbClone;
				PRODUCT_NAME = "$(TARGET_NAME)";
				SWIFT_EMIT_LOC_STRINGS = YES;
				SWIFT_VERSION = 5.0;
				TARGETED_DEVICE_FAMILY = "1,2";
			};
			name = Release;
		};
/* End XCBuildConfiguration section */

/* Begin XCConfigurationList section */
		C52CC4C82BB9C44500B79B1D /* Build configuration list for PBXProject "AirbnbClone" */ = {
			isa = XCConfigurationList;
			buildConfigurations = (
				C52CC4D92BB9C44700B79B1D /* Debug */,
				C52CC4DA2BB9C44700B79B1D /* Release */,
			);
			defaultConfigurationIsVisible = 0;
			defaultConfigurationName = Release;
		};
		C52CC4DB2BB9C44700B79B1D /* Build configuration list for PBXNativeTarget "AirbnbClone" */ = {
			isa = XCConfigurationList;
			buildConfigurations = (
				C52CC4DC2BB9C44700B79B1D /* Debug */,
				C52CC4DD2BB9C44700B79B1D /* Release */,
			);
			defaultConfigurationIsVisible = 0;
			defaultConfigurationName = Release;
		};
/* End XCConfigurationList section */
	};
	rootObject = C52CC4C52BB9C44500B79B1D /* Project object */;
}
